<?xml version="1.0" encoding="utf-8"?>
<Project ToolsVersion="4.0" xmlns="http://schemas.microsoft.com/developer/msbuild/2003">
  <ItemGroup>
    <Filter Include="engine">
      <UniqueIdentifier>{0319664b-4487-4cb9-925a-75fc621783ed}</UniqueIdentifier>
    </Filter>
    <Filter Include="engine\2d">
      <UniqueIdentifier>{323b8b86-b5c8-4712-a11f-c89d617b6c05}</UniqueIdentifier>
    </Filter>
    <Filter Include="engine\3d">
      <UniqueIdentifier>{1e272a26-0318-4a99-b18b-5484475e1719}</UniqueIdentifier>
    </Filter>
    <Filter Include="engine\3d\Model">
      <UniqueIdentifier>{028e4561-cbe0-4348-9c18-537aaf5e3287}</UniqueIdentifier>
    </Filter>
    <Filter Include="engine\3d\Animation">
      <UniqueIdentifier>{e710ad7e-6c1b-49d2-b35b-4a97605d6a22}</UniqueIdentifier>
    </Filter>
    <Filter Include="engine\3d\Object3d">
      <UniqueIdentifier>{583d0626-385b-48b5-b51c-67d007d5317c}</UniqueIdentifier>
    </Filter>
    <Filter Include="engine\3d\Camera">
      <UniqueIdentifier>{bb74ae50-25ae-406f-9648-64f336139cbc}</UniqueIdentifier>
    </Filter>
    <Filter Include="engine\3d\Sky">
      <UniqueIdentifier>{4a40597b-1916-4d39-85cc-2faeb00fa9b5}</UniqueIdentifier>
    </Filter>
    <Filter Include="engine\audio">
      <UniqueIdentifier>{9cbddca9-fd66-495f-a098-7b41aceaf125}</UniqueIdentifier>
    </Filter>
    <Filter Include="engine\debug">
      <UniqueIdentifier>{be50750c-87e1-49d1-b04b-f91960087a58}</UniqueIdentifier>
    </Filter>
    <Filter Include="engine\effect">
      <UniqueIdentifier>{cdf6e03a-01fc-4b3c-92ca-6926f07a3bef}</UniqueIdentifier>
    </Filter>
    <Filter Include="engine\effect\CPUParticle">
      <UniqueIdentifier>{db061870-afaa-4172-b4bb-8fd924b13195}</UniqueIdentifier>
    </Filter>
    <Filter Include="engine\effect\GPUParticle">
      <UniqueIdentifier>{dfda6528-f4bb-4f3a-a608-0836d90eb740}</UniqueIdentifier>
    </Filter>
    <Filter Include="engine\effect\PostEffect">
      <UniqueIdentifier>{c68e65d7-3ae0-4bd0-88e0-720d6f508794}</UniqueIdentifier>
    </Filter>
    <Filter Include="engine\effect\MeshEffect">
      <UniqueIdentifier>{4697bdfe-3233-42cb-88ad-0abaebcab511}</UniqueIdentifier>
    </Filter>
    <Filter Include="engine\math">
      <UniqueIdentifier>{a7fe5fa2-86b4-49c7-8fd0-fafb9e043f32}</UniqueIdentifier>
    </Filter>
    <Filter Include="engine\scene">
      <UniqueIdentifier>{3bef7212-ff64-4250-be4e-757754c665d3}</UniqueIdentifier>
    </Filter>
    <Filter Include="engine\utility">
      <UniqueIdentifier>{d2f92d2a-7668-46e7-b533-ff1f285011f4}</UniqueIdentifier>
    </Filter>
    <Filter Include="application">
      <UniqueIdentifier>{d554f5e8-baba-46b3-a228-ecf1201e5170}</UniqueIdentifier>
    </Filter>
    <Filter Include="application\scene">
      <UniqueIdentifier>{88c79f02-3c73-4f10-b61f-e2a807c5ff0a}</UniqueIdentifier>
    </Filter>
    <Filter Include="application\transition">
      <UniqueIdentifier>{cea26394-fce5-4997-b932-50bc42687fb1}</UniqueIdentifier>
    </Filter>
    <Filter Include="application\stage">
      <UniqueIdentifier>{3b1f7a52-8c94-4e6d-a1c7-52e9d0b4f8a1}</UniqueIdentifier>
    </Filter>
    <Filter Include="application\input">
      <UniqueIdentifier>{a7c31e88-4b2d-4f6a-9c15-8e0d3b6a2f47}</UniqueIdentifier>
    </Filter>
    <Filter Include="application\player">
      <UniqueIdentifier>{5e9d20c4-1f7b-4a83-b6d2-93c8a4e17f05}</UniqueIdentifier>
    </Filter>
    <Filter Include="resources">
      <UniqueIdentifier>{7d4111bf-edf7-429d-a130-b3f728e2ef09}</UniqueIdentifier>
    </Filter>
    <Filter Include="resources\shaders">
      <UniqueIdentifier>{efbeafbf-168f-450f-b79d-757912f8389b}</UniqueIdentifier>
    </Filter>
    <Filter Include="resources\shaders\object">
      <UniqueIdentifier>{171c5fb0-5492-4670-9cf3-fc69fc2490f6}</UniqueIdentifier>
    </Filter>
    <Filter Include="resources\shaders\sprite">
      <UniqueIdentifier>{0239c143-f21d-4ab2-8148-73327a311412}</UniqueIdentifier>
    </Filter>
    <Filter Include="resources\shaders\sky">
      <UniqueIdentifier>{525b9b90-69f6-4265-82c8-bc65282206fe}</UniqueIdentifier>
    </Filter>
    <Filter Include="resources\shaders\particle">
      <UniqueIdentifier>{b5cc84d9-275a-433d-b305-8031dc1665a2}</UniqueIdentifier>
    </Filter>
    <Filter Include="resources\shaders\particle\cpu">
      <UniqueIdentifier>{6963c3b3-8083-4fec-8967-d3bda142033c}</UniqueIdentifier>
    </Filter>
    <Filter Include="resources\shaders\particle\gpu">
      <UniqueIdentifier>{ec502d89-5d34-44c5-8547-ac808a46d376}</UniqueIdentifier>
    </Filter>
    <Filter Include="resources\shaders\geometry">
      <UniqueIdentifier>{0f217eae-11bc-43cd-bcd8-80b538c5fcdf}</UniqueIdentifier>
    </Filter>
    <Filter Include="resources\shaders\debug">
      <UniqueIdentifier>{685b42ae-6336-4101-8180-940065ebdfb9}</UniqueIdentifier>
    </Filter>
    <Filter Include="resources\shaders\postprocess">
      <UniqueIdentifier>{b80e3d40-d29a-4fda-8db0-82bc35834bbb}</UniqueIdentifier>
    </Filter>
    <Filter Include="engine\effect\io">
      <UniqueIdentifier>{8ac1ad87-f9d9-4254-a3a8-15055f69ed19}</UniqueIdentifier>
    </Filter>
    <Filter Include="engine\base">
      <UniqueIdentifier>{e815b939-80d2-42df-aa0a-83880413fbfb}</UniqueIdentifier>
    </Filter>
    <Filter Include="resources\shaders\common">
      <UniqueIdentifier>{59454bca-ea85-4b53-9004-3c196211909c}</UniqueIdentifier>
    </Filter>
  </ItemGroup>
  <ItemGroup>
    <ClCompile Include="application\main.cpp">
      <Filter>application</Filter>
    </ClCompile>
    <ClCompile Include="application\Game.cpp">
      <Filter>application</Filter>
    </ClCompile>
    <ClCompile Include="application\scene\GamePlayScene.cpp">
      <Filter>application\scene</Filter>
    </ClCompile>
    <ClCompile Include="application\scene\TitleScene.cpp">
      <Filter>application\scene</Filter>
    </ClCompile>
    <ClCompile Include="application\scene\SceneFactory.cpp">
      <Filter>application\scene</Filter>
    </ClCompile>
    <ClCompile Include="application\transition\ShutterTransition.cpp">
      <Filter>application\transition</Filter>
    </ClCompile>
    <ClCompile Include="application\transition\BlindTransition.cpp">
      <Filter>application\transition</Filter>
    </ClCompile>
    <ClCompile Include="application\input\ActionInput.cpp">
      <Filter>application\input</Filter>
    </ClCompile>
    <ClCompile Include="application\player\Player.cpp">
      <Filter>application\player</Filter>
    </ClCompile>
    <ClCompile Include="application\stage\Stage.cpp">
      <Filter>application\stage</Filter>
    </ClCompile>
    <ClCompile Include="application\stage\StageSerializer.cpp">
      <Filter>application\stage</Filter>
    </ClCompile>
    <ClCompile Include="engine\2d\SpriteCommon.cpp">
      <Filter>engine\2d</Filter>
    </ClCompile>
    <ClCompile Include="engine\2d\Sprite.cpp">
      <Filter>engine\2d</Filter>
    </ClCompile>
    <ClCompile Include="engine\2d\TextureManager.cpp">
      <Filter>engine\2d</Filter>
    </ClCompile>
    <ClCompile Include="engine\3d\DebugCamera.cpp">
      <Filter>engine\3d\Camera</Filter>
    </ClCompile>
    <ClCompile Include="engine\3d\Object3dCommon.cpp">
      <Filter>engine\3d\Object3d</Filter>
    </ClCompile>
    <ClCompile Include="engine\3d\Object3d.cpp">
      <Filter>engine\3d\Object3d</Filter>
    </ClCompile>
    <ClCompile Include="engine\3d\Model.cpp">
      <Filter>engine\3d\Model</Filter>
    </ClCompile>
    <ClCompile Include="engine\3d\ModelCommon.cpp">
      <Filter>engine\3d\Model</Filter>
    </ClCompile>
    <ClCompile Include="engine\3d\ModelManager.cpp">
      <Filter>engine\3d\Model</Filter>
    </ClCompile>
    <ClCompile Include="engine\3d\Camera.cpp">
      <Filter>engine\3d\Camera</Filter>
    </ClCompile>
    <ClCompile Include="engine\3d\AnimationPlayer.cpp">
      <Filter>engine\3d\Animation</Filter>
    </ClCompile>
    <ClCompile Include="engine\3d\Skeleton.cpp">
      <Filter>engine\3d\Animation</Filter>
    </ClCompile>
    <ClCompile Include="engine\3d\Skybox.cpp">
      <Filter>engine\3d\Sky</Filter>
    </ClCompile>
    <ClCompile Include="engine\3d\SkyCylinder.cpp">
      <Filter>engine\3d\Sky</Filter>
    </ClCompile>
    <ClCompile Include="engine\audio\SoundManager.cpp">
      <Filter>engine\audio</Filter>
    </ClCompile>
    <ClCompile Include="engine\base\WinApp.cpp">
      <Filter>engine\base</Filter>
    </ClCompile>
    <ClCompile Include="engine\base\DirectXCommon.cpp">
      <Filter>engine\base</Filter>
    </ClCompile>
    <ClCompile Include="engine\base\CrashDump.cpp">
      <Filter>engine\base</Filter>
    </ClCompile>
    <ClCompile Include="engine\base\D3DResourceLeakChecker.cpp">
      <Filter>engine\base</Filter>
    </ClCompile>
    <ClCompile Include="engine\base\SrvManager.cpp">
      <Filter>engine\base</Filter>
    </ClCompile>
    <ClCompile Include="engine\base\ImGuiManager.cpp">
      <Filter>engine\base</Filter>
    </ClCompile>
    <ClCompile Include="engine\base\Framework.cpp">
      <Filter>engine\base</Filter>
    </ClCompile>
    <ClCompile Include="engine\base\RenderTarget.cpp">
      <Filter>engine\base</Filter>
    </ClCompile>
    <ClCompile Include="engine\debug\DebugSphere.cpp">
      <Filter>engine\debug</Filter>
    </ClCompile>
    <ClCompile Include="engine\debug\DebugGrid.cpp">
      <Filter>engine\debug</Filter>
    </ClCompile>
    <ClCompile Include="engine\debug\DebugRenderer.cpp">
      <Filter>engine\debug</Filter>
    </ClCompile>
    <ClCompile Include="engine\debug\TransformGizmo.cpp">
      <Filter>engine\debug</Filter>
    </ClCompile>
    <ClCompile Include="engine\debug\EditorPanels.cpp">
      <Filter>engine\debug</Filter>
    </ClCompile>
    <ClCompile Include="engine\effect\ParticleManager.cpp">
      <Filter>engine\effect\CPUParticle</Filter>
    </ClCompile>
    <ClCompile Include="engine\effect\ParticleEmitter.cpp">
      <Filter>engine\effect\CPUParticle</Filter>
    </ClCompile>
    <ClCompile Include="engine\effect\RingManager.cpp">
      <Filter>engine\effect\MeshEffect</Filter>
    </ClCompile>
    <ClCompile Include="engine\effect\CylinderManager.cpp">
      <Filter>engine\effect\MeshEffect</Filter>
    </ClCompile>
    <ClCompile Include="engine\effect\GPUParticleEmitter.cpp">
      <Filter>engine\effect\GPUParticle</Filter>
    </ClCompile>
    <ClCompile Include="engine\effect\GPUParticleManager.cpp">
      <Filter>engine\effect\GPUParticle</Filter>
    </ClCompile>
    <ClCompile Include="engine\effect\PostProcess.cpp">
      <Filter>engine\effect\PostEffect</Filter>
    </ClCompile>
    <ClCompile Include="engine\effect\Monochrome.cpp">
      <Filter>engine\effect\PostEffect</Filter>
    </ClCompile>
    <ClCompile Include="engine\effect\EffectManager.cpp">
      <Filter>engine\effect\PostEffect</Filter>
    </ClCompile>
    <ClCompile Include="engine\effect\Vignette.cpp">
      <Filter>engine\effect\PostEffect</Filter>
    </ClCompile>
    <ClCompile Include="engine\effect\BoxFilter.cpp">
      <Filter>engine\effect\PostEffect</Filter>
    </ClCompile>
    <ClCompile Include="engine\effect\ConvolutionEffect.cpp">
      <Filter>engine\effect\PostEffect</Filter>
    </ClCompile>
    <ClCompile Include="engine\effect\RadialBlur.cpp">
      <Filter>engine\effect\PostEffect</Filter>
    </ClCompile>
    <ClCompile Include="engine\effect\GaussianFilter.cpp">
      <Filter>engine\effect\PostEffect</Filter>
    </ClCompile>
    <ClCompile Include="engine\effect\Dissolve.cpp">
      <Filter>engine\effect\PostEffect</Filter>
    </ClCompile>
    <ClCompile Include="engine\effect\Noise.cpp">
      <Filter>engine\effect\PostEffect</Filter>
    </ClCompile>
    <ClCompile Include="engine\effect\DepthBasedOutline.cpp">
      <Filter>engine\effect\PostEffect</Filter>
    </ClCompile>
    <ClCompile Include="engine\io\Input.cpp">
      <Filter>engine\effect\io</Filter>
    </ClCompile>
    <ClCompile Include="engine\math\Vector3.cpp">
      <Filter>engine\math</Filter>
    </ClCompile>
    <ClCompile Include="engine\math\Matrix4x4.cpp">
      <Filter>engine\math</Filter>
    </ClCompile>
    <ClCompile Include="engine\math\CatmullRomSpline.cpp">
      <Filter>engine\math</Filter>
    </ClCompile>
    <ClCompile Include="engine\scene\BaseScene.cpp">
      <Filter>engine\scene</Filter>
    </ClCompile>
    <ClCompile Include="engine\scene\SceneManager.cpp">
      <Filter>engine\scene</Filter>
    </ClCompile>
    <ClCompile Include="engine\scene\SceneSerializer.cpp">
      <Filter>engine\scene</Filter>
    </ClCompile>
    <ClCompile Include="engine\utility\Logger.cpp">
      <Filter>engine\utility</Filter>
    </ClCompile>
    <ClCompile Include="engine\utility\StringUtility.cpp">
      <Filter>engine\utility</Filter>
    </ClCompile>
    <ClCompile Include="engine\utility\Random.cpp">
      <Filter>engine\utility</Filter>
    </ClCompile>
  </ItemGroup>
  <ItemGroup>
    <ClInclude Include="application\Game.h">
      <Filter>application</Filter>
    </ClInclude>
    <ClInclude Include="application\scene\GamePlayScene.h">
      <Filter>application\scene</Filter>
    </ClInclude>
    <ClInclude Include="application\scene\TitleScene.h">
      <Filter>application\scene</Filter>
    </ClInclude>
    <ClInclude Include="application\scene\SceneFactory.h">
      <Filter>application\scene</Filter>
    </ClInclude>
    <ClInclude Include="application\transition\ShutterTransition.h">
      <Filter>application\transition</Filter>
    </ClInclude>
    <ClInclude Include="application\transition\BlindTransition.h">
      <Filter>application\transition</Filter>
    </ClInclude>
    <ClInclude Include="application\input\ActionInput.h">
      <Filter>application\input</Filter>
    </ClInclude>
    <ClInclude Include="application\player\Player.h">
      <Filter>application\player</Filter>
    </ClInclude>
    <ClInclude Include="application\stage\Stage.h">
      <Filter>application\stage</Filter>
    </ClInclude>
    <ClInclude Include="application\stage\StageData.h">
      <Filter>application\stage</Filter>
    </ClInclude>
    <ClInclude Include="application\stage\StageSerializer.h">
      <Filter>application\stage</Filter>
    </ClInclude>
    <ClInclude Include="engine\2d\SpriteCommon.h">
      <Filter>engine\2d</Filter>
    </ClInclude>
    <ClInclude Include="engine\2d\Sprite.h">
      <Filter>engine\2d</Filter>
    </ClInclude>
    <ClInclude Include="engine\2d\TextureManager.h">
      <Filter>engine\2d</Filter>
    </ClInclude>
    <ClInclude Include="engine\3d\DebugCamera.h">
      <Filter>engine\3d\Camera</Filter>
    </ClInclude>
    <ClInclude Include="engine\3d\Object3dCommon.h">
      <Filter>engine\3d\Object3d</Filter>
    </ClInclude>
    <ClInclude Include="engine\3d\Object3d.h">
      <Filter>engine\3d\Object3d</Filter>
    </ClInclude>
    <ClInclude Include="engine\3d\Model.h">
      <Filter>engine\3d\Model</Filter>
    </ClInclude>
    <ClInclude Include="engine\3d\ModelCommon.h">
      <Filter>engine\3d\Model</Filter>
    </ClInclude>
    <ClInclude Include="engine\3d\ModelManager.h">
      <Filter>engine\3d\Model</Filter>
    </ClInclude>
    <ClInclude Include="engine\3d\Camera.h">
      <Filter>engine\3d\Camera</Filter>
    </ClInclude>
    <ClInclude Include="engine\3d\Animation.h">
      <Filter>engine\3d\Animation</Filter>
    </ClInclude>
    <ClInclude Include="engine\3d\AnimationPlayer.h">
      <Filter>engine\3d\Animation</Filter>
    </ClInclude>
    <ClInclude Include="engine\3d\Skeleton.h">
      <Filter>engine\3d\Animation</Filter>
    </ClInclude>
    <ClInclude Include="engine\3d\Skybox.h">
      <Filter>engine\3d\Sky</Filter>
    </ClInclude>
    <ClInclude Include="engine\3d\SkyCylinder.h">
      <Filter>engine\3d\Sky</Filter>
    </ClInclude>
    <ClInclude Include="engine\audio\SoundManager.h">
      <Filter>engine\audio</Filter>
    </ClInclude>
    <ClInclude Include="engine\base\ResourceObject.h">
      <Filter>engine\base</Filter>
    </ClInclude>
    <ClInclude Include="engine\base\WinApp.h">
      <Filter>engine\base</Filter>
    </ClInclude>
    <ClInclude Include="engine\base\DirectXCommon.h">
      <Filter>engine\base</Filter>
    </ClInclude>
    <ClInclude Include="engine\base\CrashDump.h">
      <Filter>engine\base</Filter>
    </ClInclude>
    <ClInclude Include="engine\base\D3DResourceLeakChecker.h">
      <Filter>engine\base</Filter>
    </ClInclude>
    <ClInclude Include="engine\base\SrvManager.h">
      <Filter>engine\base</Filter>
    </ClInclude>
    <ClInclude Include="engine\base\ImGuiManager.h">
      <Filter>engine\base</Filter>
    </ClInclude>
    <ClInclude Include="engine\base\Framework.h">
      <Filter>engine\base</Filter>
    </ClInclude>
    <ClInclude Include="engine\base\RenderTarget.h">
      <Filter>engine\base</Filter>
    </ClInclude>
    <ClInclude Include="engine\debug\DebugSphere.h">
      <Filter>engine\debug</Filter>
    </ClInclude>
    <ClInclude Include="engine\debug\DebugGrid.h">
      <Filter>engine\debug</Filter>
    </ClInclude>
    <ClInclude Include="engine\debug\DebugRenderer.h">
      <Filter>engine\debug</Filter>
    </ClInclude>
    <ClInclude Include="engine\debug\TransformGizmo.h">
      <Filter>engine\debug</Filter>
    </ClInclude>
    <ClInclude Include="engine\debug\EditorPanels.h">
      <Filter>engine\debug</Filter>
    </ClInclude>
    <ClInclude Include="engine\effect\ParticleManager.h">
      <Filter>engine\effect\CPUParticle</Filter>
    </ClInclude>
    <ClInclude Include="engine\effect\ParticleEmitter.h">
      <Filter>engine\effect\CPUParticle</Filter>
    </ClInclude>
    <ClInclude Include="engine\effect\ParticleConfig.h">
      <Filter>engine\effect\CPUParticle</Filter>
    </ClInclude>
    <ClInclude Include="engine\effect\RingManager.h">
      <Filter>engine\effect\MeshEffect</Filter>
    </ClInclude>
    <ClInclude Include="engine\effect\CylinderManager.h">
      <Filter>engine\effect\MeshEffect</Filter>
    </ClInclude>
    <ClInclude Include="engine\effect\GPUParticle.h">
      <Filter>engine\effect\GPUParticle</Filter>
    </ClInclude>
    <ClInclude Include="engine\effect\GPUParticleEmitter.h">
      <Filter>engine\effect\GPUParticle</Filter>
    </ClInclude>
    <ClInclude Include="engine\effect\GPUParticleManager.h">
      <Filter>engine\effect\GPUParticle</Filter>
    </ClInclude>
    <ClInclude Include="engine\effect\GPUParticleConfig.h">
      <Filter>engine\effect\GPUParticle</Filter>
    </ClInclude>
    <ClInclude Include="engine\effect\PostProcess.h">
      <Filter>engine\effect\PostEffect</Filter>
    </ClInclude>
    <ClInclude Include="engine\effect\IPostEffect.h">
      <Filter>engine\effect\PostEffect</Filter>
    </ClInclude>
    <ClInclude Include="engine\effect\Monochrome.h">
      <Filter>engine\effect\PostEffect</Filter>
    </ClInclude>
    <ClInclude Include="engine\effect\EffectManager.h">
      <Filter>engine\effect\PostEffect</Filter>
    </ClInclude>
    <ClInclude Include="engine\effect\Vignette.h">
      <Filter>engine\effect\PostEffect</Filter>
    </ClInclude>
    <ClInclude Include="engine\effect\BoxFilter.h">
      <Filter>engine\effect\PostEffect</Filter>
    </ClInclude>
    <ClInclude Include="engine\effect\ConvolutionEffect.h">
      <Filter>engine\effect\PostEffect</Filter>
    </ClInclude>
    <ClInclude Include="engine\effect\RadialBlur.h">
      <Filter>engine\effect\PostEffect</Filter>
    </ClInclude>
    <ClInclude Include="engine\effect\GaussianFilter.h">
      <Filter>engine\effect\PostEffect</Filter>
    </ClInclude>
    <ClInclude Include="engine\effect\DepthBasedOutline.h">
      <Filter>engine\effect\PostEffect</Filter>
    </ClInclude>
    <ClInclude Include="engine\effect\Dissolve.h">
      <Filter>engine\effect\PostEffect</Filter>
    </ClInclude>
    <ClInclude Include="engine\effect\Noise.h">
      <Filter>engine\effect\PostEffect</Filter>
    </ClInclude>
    <ClInclude Include="engine\io\Input.h">
      <Filter>engine\effect\io</Filter>
    </ClInclude>
    <ClInclude Include="engine\math\Vector3.h">
      <Filter>engine\math</Filter>
    </ClInclude>
    <ClInclude Include="engine\math\Matrix4x4.h">
      <Filter>engine\math</Filter>
    </ClInclude>
    <ClInclude Include="engine\math\CatmullRomSpline.h">
      <Filter>engine\math</Filter>
    </ClInclude>
    <ClInclude Include="engine\math\Vector2.h">
      <Filter>engine\math</Filter>
    </ClInclude>
    <ClInclude Include="engine\math\Transform.h">
      <Filter>engine\math</Filter>
    </ClInclude>
    <ClInclude Include="engine\math\Vector4.h">
      <Filter>engine\math</Filter>
    </ClInclude>
    <ClInclude Include="engine\math\Quaternion.h">
      <Filter>engine\math</Filter>
    </ClInclude>
    <ClInclude Include="engine\math\mathFunction.h">
      <Filter>engine\math</Filter>
    </ClInclude>
    <ClInclude Include="engine\math\Serialization.h">
      <Filter>engine\math</Filter>
    </ClInclude>
    <ClInclude Include="engine\scene\BaseScene.h">
      <Filter>engine\scene</Filter>
    </ClInclude>
    <ClInclude Include="engine\scene\SceneManager.h">
      <Filter>engine\scene</Filter>
    </ClInclude>
    <ClInclude Include="engine\scene\SceneSerializer.h">
      <Filter>engine\scene</Filter>
    </ClInclude>
    <ClInclude Include="engine\scene\EditorObject.h">
      <Filter>engine\scene</Filter>
    </ClInclude>
    <ClInclude Include="engine\scene\AbstractSceneFactory.h">
      <Filter>engine\scene</Filter>
    </ClInclude>
    <ClInclude Include="engine\scene\ITransition.h">
      <Filter>engine\scene</Filter>
    </ClInclude>
    <ClInclude Include="engine\utility\Logger.h">
      <Filter>engine\utility</Filter>
    </ClInclude>
    <ClInclude Include="engine\utility\StringUtility.h">
      <Filter>engine\utility</Filter>
    </ClInclude>
    <ClInclude Include="engine\utility\Random.h">
      <Filter>engine\utility</Filter>
    </ClInclude>
  </ItemGroup>
  <ItemGroup>
    <CopyFileToFolders Include="resources\shaders\Object3d.PS.hlsl">
      <Filter>resources\shaders\object</Filter>
    </CopyFileToFolders>
    <CopyFileToFolders Include="resources\shaders\Object3d.VS.hlsl">
      <Filter>resources\shaders\object</Filter>
    </CopyFileToFolders>
  </ItemGroup>
  <ItemGroup>
    <None Include="resources\shaders\Object3d.hlsli">
      <Filter>resources\shaders\object</Filter>
    </None>
    <None Include="resources\shaders\Particle.hlsli">
      <Filter>resources\shaders\particle</Filter>
    </None>
    <None Include="resources\shaders\GPUParticle.hlsli">
      <Filter>resources\shaders\particle\gpu</Filter>
    </None>
    <None Include="resources\shaders\Cylinder.hlsli">
      <Filter>resources\shaders\geometry</Filter>
    </None>
    <None Include="resources\shaders\DebugSphere.hlsli">
      <Filter>resources\shaders\debug</Filter>
    </None>
    <None Include="resources\shaders\Skybox.hlsli">
      <Filter>resources\shaders\sky</Filter>
    </None>
    <None Include="resources\shaders\Sprite.hlsli">
      <Filter>resources\shaders\sprite</Filter>
    </None>
    <None Include="resources\shaders\Debug.hlsli">
      <Filter>resources\shaders\debug</Filter>
    </None>
    <None Include="resources\shaders\GammaCorrection.hlsli">
      <Filter>resources\shaders\common</Filter>
    </None>
    <None Include="resources\shaders\SkyCylinder.hlsli">
      <Filter>resources\shaders\sky</Filter>
    </None>
    <None Include="resources\shaders\Fullscreen.hlsli">
      <Filter>resources\shaders\postprocess</Filter>
    </None>
  </ItemGroup>
  <ItemGroup>
    <FxCompile Include="resources\shaders\Particle.VS.hlsl">
      <Filter>resources\shaders\particle\cpu</Filter>
    </FxCompile>
    <FxCompile Include="resources\shaders\Particle.PS.hlsl">
      <Filter>resources\shaders\particle\cpu</Filter>
    </FxCompile>
    <FxCompile Include="resources\shaders\Cylinder.VS.hlsl">
      <Filter>resources\shaders\geometry</Filter>
    </FxCompile>
    <FxCompile Include="resources\shaders\Cylinder.PS.hlsl">
      <Filter>resources\shaders\geometry</Filter>
    </FxCompile>
    <FxCompile Include="resources\shaders\DebugSphere.VS.hlsl">
      <Filter>resources\shaders\debug</Filter>
    </FxCompile>
    <FxCompile Include="resources\shaders\DebugSphere.PS.hlsl">
      <Filter>resources\shaders\debug</Filter>
    </FxCompile>
    <FxCompile Include="resources\shaders\SkinningObject3d.VS.hlsl">
      <Filter>resources\shaders\object</Filter>
    </FxCompile>
    <FxCompile Include="resources\shaders\Skybox.VS.hlsl">
      <Filter>resources\shaders\sky</Filter>
    </FxCompile>
    <FxCompile Include="resources\shaders\Skybox.PS.hlsl">
      <Filter>resources\shaders\sky</Filter>
    </FxCompile>
    <FxCompile Include="resources\shaders\Sprite.VS.hlsl">
      <Filter>resources\shaders\sprite</Filter>
    </FxCompile>
    <FxCompile Include="resources\shaders\Sprite.PS.hlsl">
      <Filter>resources\shaders\sprite</Filter>
    </FxCompile>
    <FxCompile Include="resources\shaders\Debug.VS.hlsl">
      <Filter>resources\shaders\debug</Filter>
    </FxCompile>
    <FxCompile Include="resources\shaders\Debug.PS.hlsl">
      <Filter>resources\shaders\debug</Filter>
    </FxCompile>
    <FxCompile Include="resources\shaders\Skinning.CS.hlsl">
      <Filter>resources\shaders\common</Filter>
    </FxCompile>
    <FxCompile Include="resources\shaders\InitializeParticle.CS.hlsl">
      <Filter>resources\shaders\particle\gpu</Filter>
    </FxCompile>
    <FxCompile Include="resources\shaders\GPUParticle.VS.hlsl">
      <Filter>resources\shaders\particle\gpu</Filter>
    </FxCompile>
    <FxCompile Include="resources\shaders\EmitParticle.CS.hlsl">
      <Filter>resources\shaders\particle\gpu</Filter>
    </FxCompile>
    <FxCompile Include="resources\shaders\Random.hlsl">
      <Filter>resources\shaders\common</Filter>
    </FxCompile>
    <FxCompile Include="resources\shaders\RandomGenerator.hlsl">
      <Filter>resources\shaders\common</Filter>
    </FxCompile>
    <FxCompile Include="resources\shaders\UpdateParticle.CS.hlsl">
      <Filter>resources\shaders\particle\gpu</Filter>
    </FxCompile>
    <FxCompile Include="resources\shaders\SkyCylinder.VS.hlsl">
      <Filter>resources\shaders\sky</Filter>
    </FxCompile>
    <FxCompile Include="resources\shaders\SkyCylinder.PS.hlsl">
      <Filter>resources\shaders\sky</Filter>
    </FxCompile>
    <FxCompile Include="resources\shaders\CopyImage.PS.hlsl">
      <Filter>resources\shaders\postprocess</Filter>
    </FxCompile>
    <FxCompile Include="resources\shaders\Fullscreen.VS.hlsl">
      <Filter>resources\shaders\postprocess</Filter>
    </FxCompile>
    <FxCompile Include="resources\shaders\Monochrome.PS.hlsl">
      <Filter>resources\shaders\postprocess</Filter>
    </FxCompile>
    <FxCompile Include="resources\shaders\Vignette.PS.hlsl">
      <Filter>resources\shaders\postprocess</Filter>
    </FxCompile>
    <FxCompile Include="resources\shaders\BoxFilter.PS.hlsl">
      <Filter>resources\shaders\postprocess</Filter>
    </FxCompile>
    <FxCompile Include="resources\shaders\RadialBlur.PS.hlsl">
      <Filter>resources\shaders\postprocess</Filter>
    </FxCompile>
    <FxCompile Include="resources\shaders\GaussianFilter.PS.hlsl">
      <Filter>resources\shaders\postprocess</Filter>
    </FxCompile>
    <FxCompile Include="resources\shaders\DepthBasedOutline.PS.hlsl">
      <Filter>resources\shaders\postprocess</Filter>
    </FxCompile>
    <FxCompile Include="resources\shaders\Dissolve.PS.hlsl">
      <Filter>resources\shaders\postprocess</Filter>
    </FxCompile>
    <FxCompile Include="resources\shaders\Noise.PS.hlsl">
      <Filter>resources\shaders\postprocess</Filter>
    </FxCompile>
  </ItemGroup>
</Project>