
Microsoft Visual Studio Solution File, Format Version 12.00
# Visual Studio Version 17
VisualStudioVersion = 17.13.35931.197
MinimumVisualStudioVersion = 10.0.40219.1
Project("{8BC9CEB8-8B4A-11D0-8D11-00A0C91BC942}") = "CG2_DirectXGame", "CG2_DirectXGame.vcxproj", "{0087C54B-7400-46DC-BF05-696263A59256}"
	ProjectSection(ProjectDependencies) = postProject
		{004CCA50-4115-4982-AA83-4A120B76E1BD} = {004CCA50-4115-4982-AA83-4A120B76E1BD}
	EndProjectSection
EndProject
Project("{2150E333-8FDC-42A3-9474-1A3956D46DE8}") = "ソリューション項目", "ソリューション項目", "{2022CB0F-8BAF-F49E-0C48-8EF4C96EC109}"
	ProjectSection(SolutionItems) = preProject
		.editorconfig = .editorconfig
	EndProjectSection
EndProject
Project("{8BC9CEB8-8B4A-11D0-8D11-00A0C91BC942}") = "DirectXTex", "externals\DirectXTex\DirectXTex_Desktop_2022_Win10.vcxproj", "{371B9FA9-4C90-4AC6-A123-ACED756D6C77}"
EndProject
Project("{2150E333-8FDC-42A3-9474-1A3956D46DE8}") = "externals", "externals", "{DDB4EF12-CC4E-5E88-E6FC-71A802F4DE97}"
EndProject
Project("{8BC9CEB8-8B4A-11D0-8D11-00A0C91BC942}") = "imgui", "externals\imgui\imgui.vcxproj", "{004CCA50-4115-4982-AA83-4A120B76E1BD}"
EndProject
Global
	GlobalSection(SolutionConfigurationPlatforms) = preSolution
		Debug|x64 = Debug|x64
		Development|x64 = Development|x64
		Release|x64 = Release|x64
	EndGlobalSection
	GlobalSection(ProjectConfigurationPlatforms) = postSolution
		{0087C54B-7400-46DC-BF05-696263A59256}.Debug|x64.ActiveCfg = Debug|x64
		{0087C54B-7400-46DC-BF05-696263A59256}.Debug|x64.Build.0 = Debug|x64
		{0087C54B-7400-46DC-BF05-696263A59256}.Development|x64.ActiveCfg = Development|x64
		{0087C54B-7400-46DC-BF05-696263A59256}.Development|x64.Build.0 = Development|x64
		{0087C54B-7400-46DC-BF05-696263A59256}.Release|x64.ActiveCfg = Release|x64
		{0087C54B-7400-46DC-BF05-696263A59256}.Release|x64.Build.0 = Release|x64
		{371B9FA9-4C90-4AC6-A123-ACED756D6C77}.Debug|x64.ActiveCfg = Debug|x64
		{371B9FA9-4C90-4AC6-A123-ACED756D6C77}.Debug|x64.Build.0 = Debug|x64
		{371B9FA9-4C90-4AC6-A123-ACED756D6C77}.Development|x64.ActiveCfg = Development|x64
		{371B9FA9-4C90-4AC6-A123-ACED756D6C77}.Development|x64.Build.0 = Development|x64
		{371B9FA9-4C90-4AC6-A123-ACED756D6C77}.Release|x64.ActiveCfg = Release|x64
		{371B9FA9-4C90-4AC6-A123-ACED756D6C77}.Release|x64.Build.0 = Release|x64
		{004CCA50-4115-4982-AA83-4A120B76E1BD}.Debug|x64.ActiveCfg = Debug|x64
		{004CCA50-4115-4982-AA83-4A120B76E1BD}.Debug|x64.Build.0 = Debug|x64
		{004CCA50-4115-4982-AA83-4A120B76E1BD}.Development|x64.ActiveCfg = Release|x64
		{004CCA50-4115-4982-AA83-4A120B76E1BD}.Development|x64.Build.0 = Release|x64
		{004CCA50-4115-4982-AA83-4A120B76E1BD}.Release|x64.ActiveCfg = Release|x64
		{004CCA50-4115-4982-AA83-4A120B76E1BD}.Release|x64.Build.0 = Release|x64
	EndGlobalSection
	GlobalSection(SolutionProperties) = preSolution
		HideSolutionNode = FALSE
	EndGlobalSection
	GlobalSection(NestedProjects) = preSolution
		{371B9FA9-4C90-4AC6-A123-ACED756D6C77} = {DDB4EF12-CC4E-5E88-E6FC-71A802F4DE97}
		{004CCA50-4115-4982-AA83-4A120B76E1BD} = {DDB4EF12-CC4E-5E88-E6FC-71A802F4DE97}
	EndGlobalSection
	GlobalSection(ExtensibilityGlobals) = postSolution
		SolutionGuid = {CE31973B-EA78-4A47-8B4B-BD5C8CF03E25}
	EndGlobalSection
EndGlobal
